
Microsoft Visual Studio Solution File, Format Version 12.00
# Visual Studio Express 15 for Windows Desktop
VisualStudioVersion = 15.0.28307.572
MinimumVisualStudioVersion = 10.0.40219.1
Project("{8BC9CEB8-8B4A-11D0-8D11-00A0C91BC942}") = "장벽", "장벽\장벽.vcxproj", "{4DE60F4E-9E98-49A6-8F1A-FBBEE30ADD6C}"
EndProject
Global
	GlobalSection(SolutionConfigurationPlatforms) = preSolution
		Debug|x64 = Debug|x64
		Debug|x86 = Debug|x86
		Release|x64 = Release|x64
		Release|x86 = Release|x86
	EndGlobalSection
	GlobalSection(ProjectConfigurationPlatforms) = postSolution
		{4DE60F4E-9E98-49A6-8F1A-FBBEE30ADD6C}.Debug|x64.ActiveCfg = Debug|x64
		{4DE60F4E-9E98-49A6-8F1A-FBBEE30ADD6C}.Debug|x64.Build.0 = Debug|x64
		{4DE60F4E-9E98-49A6-8F1A-FBBEE30ADD6C}.Debug|x86.ActiveCfg = Debug|Win32
		{4DE60F4E-9E98-49A6-8F1A-FBBEE30ADD6C}.Debug|x86.Build.0 = Debug|Win32
		{4DE60F4E-9E98-49A6-8F1A-FBBEE30ADD6C}.Release|x64.ActiveCfg = Release|x64
		{4DE60F4E-9E98-49A6-8F1A-FBBEE30ADD6C}.Release|x64.Build.0 = Release|x64
		{4DE60F4E-9E98-49A6-8F1A-FBBEE30ADD6C}.Release|x86.ActiveCfg = Release|Win32
		{4DE60F4E-9E98-49A6-8F1A-FBBEE30ADD6C}.Release|x86.Build.0 = Release|Win32
	EndGlobalSection
	GlobalSection(SolutionProperties) = preSolution
		HideSolutionNode = FALSE
	EndGlobalSection
	GlobalSection(ExtensibilityGlobals) = postSolution
		SolutionGuid = {C2C3B57D-96BC-4C68-95E1-61C40C955B76}
	EndGlobalSection
EndGlobal
