
Microsoft Visual Studio Solution File, Format Version 12.00
# Visual Studio Express 15 for Windows Desktop
VisualStudioVersion = 15.0.28307.572
MinimumVisualStudioVersion = 10.0.40219.1
Project("{8BC9CEB8-8B4A-11D0-8D11-00A0C91BC942}") = "Project1", "Project1\Project1.vcxproj", "{ABCF79DF-029B-4260-8225-BC7FD7AD345D}"
EndProject
Global
	GlobalSection(SolutionConfigurationPlatforms) = preSolution
		Debug|x64 = Debug|x64
		Debug|x86 = Debug|x86
		Release|x64 = Release|x64
		Release|x86 = Release|x86
	EndGlobalSection
	GlobalSection(ProjectConfigurationPlatforms) = postSolution
		{ABCF79DF-029B-4260-8225-BC7FD7AD345D}.Debug|x64.ActiveCfg = Debug|x64
		{ABCF79DF-029B-4260-8225-BC7FD7AD345D}.Debug|x64.Build.0 = Debug|x64
		{ABCF79DF-029B-4260-8225-BC7FD7AD345D}.Debug|x86.ActiveCfg = Debug|Win32
		{ABCF79DF-029B-4260-8225-BC7FD7AD345D}.Debug|x86.Build.0 = Debug|Win32
		{ABCF79DF-029B-4260-8225-BC7FD7AD345D}.Release|x64.ActiveCfg = Release|x64
		{ABCF79DF-029B-4260-8225-BC7FD7AD345D}.Release|x64.Build.0 = Release|x64
		{ABCF79DF-029B-4260-8225-BC7FD7AD345D}.Release|x86.ActiveCfg = Release|Win32
		{ABCF79DF-029B-4260-8225-BC7FD7AD345D}.Release|x86.Build.0 = Release|Win32
	EndGlobalSection
	GlobalSection(SolutionProperties) = preSolution
		HideSolutionNode = FALSE
	EndGlobalSection
	GlobalSection(ExtensibilityGlobals) = postSolution
		SolutionGuid = {98CA5CED-2DE9-456E-82BD-612D45F670CA}
	EndGlobalSection
EndGlobal
