
Microsoft Visual Studio Solution File, Format Version 12.00
# Visual Studio Express 15 for Windows Desktop
VisualStudioVersion = 15.0.28307.572
MinimumVisualStudioVersion = 10.0.40219.1
Project("{8BC9CEB8-8B4A-11D0-8D11-00A0C91BC942}") = "신도시 전기 연결하기", "신도시 전기 연결하기\신도시 전기 연결하기.vcxproj", "{4236B955-7E07-44A1-AA4D-E082C52A5D49}"
EndProject
Global
	GlobalSection(SolutionConfigurationPlatforms) = preSolution
		Debug|x64 = Debug|x64
		Debug|x86 = Debug|x86
		Release|x64 = Release|x64
		Release|x86 = Release|x86
	EndGlobalSection
	GlobalSection(ProjectConfigurationPlatforms) = postSolution
		{4236B955-7E07-44A1-AA4D-E082C52A5D49}.Debug|x64.ActiveCfg = Debug|x64
		{4236B955-7E07-44A1-AA4D-E082C52A5D49}.Debug|x64.Build.0 = Debug|x64
		{4236B955-7E07-44A1-AA4D-E082C52A5D49}.Debug|x86.ActiveCfg = Debug|Win32
		{4236B955-7E07-44A1-AA4D-E082C52A5D49}.Debug|x86.Build.0 = Debug|Win32
		{4236B955-7E07-44A1-AA4D-E082C52A5D49}.Release|x64.ActiveCfg = Release|x64
		{4236B955-7E07-44A1-AA4D-E082C52A5D49}.Release|x64.Build.0 = Release|x64
		{4236B955-7E07-44A1-AA4D-E082C52A5D49}.Release|x86.ActiveCfg = Release|Win32
		{4236B955-7E07-44A1-AA4D-E082C52A5D49}.Release|x86.Build.0 = Release|Win32
	EndGlobalSection
	GlobalSection(SolutionProperties) = preSolution
		HideSolutionNode = FALSE
	EndGlobalSection
	GlobalSection(ExtensibilityGlobals) = postSolution
		SolutionGuid = {55B4EBC8-38F5-4886-8AA0-D990925246F2}
	EndGlobalSection
EndGlobal
