
Microsoft Visual Studio Solution File, Format Version 12.00
# Visual Studio Express 15 for Windows Desktop
VisualStudioVersion = 15.0.28307.779
MinimumVisualStudioVersion = 10.0.40219.1
Project("{8BC9CEB8-8B4A-11D0-8D11-00A0C91BC942}") = "18119_단어암기", "18119_단어암기\18119_단어암기.vcxproj", "{BF17BA96-AC39-4465-9683-AFDA4D250DB2}"
EndProject
Global
	GlobalSection(SolutionConfigurationPlatforms) = preSolution
		Debug|x64 = Debug|x64
		Debug|x86 = Debug|x86
		Release|x64 = Release|x64
		Release|x86 = Release|x86
	EndGlobalSection
	GlobalSection(ProjectConfigurationPlatforms) = postSolution
		{BF17BA96-AC39-4465-9683-AFDA4D250DB2}.Debug|x64.ActiveCfg = Debug|x64
		{BF17BA96-AC39-4465-9683-AFDA4D250DB2}.Debug|x64.Build.0 = Debug|x64
		{BF17BA96-AC39-4465-9683-AFDA4D250DB2}.Debug|x86.ActiveCfg = Debug|Win32
		{BF17BA96-AC39-4465-9683-AFDA4D250DB2}.Debug|x86.Build.0 = Debug|Win32
		{BF17BA96-AC39-4465-9683-AFDA4D250DB2}.Release|x64.ActiveCfg = Release|x64
		{BF17BA96-AC39-4465-9683-AFDA4D250DB2}.Release|x64.Build.0 = Release|x64
		{BF17BA96-AC39-4465-9683-AFDA4D250DB2}.Release|x86.ActiveCfg = Release|Win32
		{BF17BA96-AC39-4465-9683-AFDA4D250DB2}.Release|x86.Build.0 = Release|Win32
	EndGlobalSection
	GlobalSection(SolutionProperties) = preSolution
		HideSolutionNode = FALSE
	EndGlobalSection
	GlobalSection(ExtensibilityGlobals) = postSolution
		SolutionGuid = {822023F0-9C29-4E4E-A881-F2145C9512D2}
	EndGlobalSection
EndGlobal
