
Microsoft Visual Studio Solution File, Format Version 12.00
# Visual Studio Express 15 for Windows Desktop
VisualStudioVersion = 15.0.28307.572
MinimumVisualStudioVersion = 10.0.40219.1
Project("{8BC9CEB8-8B4A-11D0-8D11-00A0C91BC942}") = "약수의개수가많은수", "약수의개수가많은수\약수의개수가많은수.vcxproj", "{D6B0A585-8434-44BA-B03F-05AF1A7DE492}"
EndProject
Global
	GlobalSection(SolutionConfigurationPlatforms) = preSolution
		Debug|x64 = Debug|x64
		Debug|x86 = Debug|x86
		Release|x64 = Release|x64
		Release|x86 = Release|x86
	EndGlobalSection
	GlobalSection(ProjectConfigurationPlatforms) = postSolution
		{D6B0A585-8434-44BA-B03F-05AF1A7DE492}.Debug|x64.ActiveCfg = Debug|x64
		{D6B0A585-8434-44BA-B03F-05AF1A7DE492}.Debug|x64.Build.0 = Debug|x64
		{D6B0A585-8434-44BA-B03F-05AF1A7DE492}.Debug|x86.ActiveCfg = Debug|Win32
		{D6B0A585-8434-44BA-B03F-05AF1A7DE492}.Debug|x86.Build.0 = Debug|Win32
		{D6B0A585-8434-44BA-B03F-05AF1A7DE492}.Release|x64.ActiveCfg = Release|x64
		{D6B0A585-8434-44BA-B03F-05AF1A7DE492}.Release|x64.Build.0 = Release|x64
		{D6B0A585-8434-44BA-B03F-05AF1A7DE492}.Release|x86.ActiveCfg = Release|Win32
		{D6B0A585-8434-44BA-B03F-05AF1A7DE492}.Release|x86.Build.0 = Release|Win32
	EndGlobalSection
	GlobalSection(SolutionProperties) = preSolution
		HideSolutionNode = FALSE
	EndGlobalSection
	GlobalSection(ExtensibilityGlobals) = postSolution
		SolutionGuid = {F71DEA2B-CAA1-4B3E-973C-1C6E408D1D78}
	EndGlobalSection
EndGlobal
