
Microsoft Visual Studio Solution File, Format Version 12.00
# Visual Studio Express 15 for Windows Desktop
VisualStudioVersion = 15.0.28307.572
MinimumVisualStudioVersion = 10.0.40219.1
Project("{8BC9CEB8-8B4A-11D0-8D11-00A0C91BC942}") = "원판돌리기", "원판돌리기\원판돌리기.vcxproj", "{2129704A-FAAA-44B9-AA5B-3D57A766F768}"
EndProject
Global
	GlobalSection(SolutionConfigurationPlatforms) = preSolution
		Debug|x64 = Debug|x64
		Debug|x86 = Debug|x86
		Release|x64 = Release|x64
		Release|x86 = Release|x86
	EndGlobalSection
	GlobalSection(ProjectConfigurationPlatforms) = postSolution
		{2129704A-FAAA-44B9-AA5B-3D57A766F768}.Debug|x64.ActiveCfg = Debug|x64
		{2129704A-FAAA-44B9-AA5B-3D57A766F768}.Debug|x64.Build.0 = Debug|x64
		{2129704A-FAAA-44B9-AA5B-3D57A766F768}.Debug|x86.ActiveCfg = Debug|Win32
		{2129704A-FAAA-44B9-AA5B-3D57A766F768}.Debug|x86.Build.0 = Debug|Win32
		{2129704A-FAAA-44B9-AA5B-3D57A766F768}.Release|x64.ActiveCfg = Release|x64
		{2129704A-FAAA-44B9-AA5B-3D57A766F768}.Release|x64.Build.0 = Release|x64
		{2129704A-FAAA-44B9-AA5B-3D57A766F768}.Release|x86.ActiveCfg = Release|Win32
		{2129704A-FAAA-44B9-AA5B-3D57A766F768}.Release|x86.Build.0 = Release|Win32
	EndGlobalSection
	GlobalSection(SolutionProperties) = preSolution
		HideSolutionNode = FALSE
	EndGlobalSection
	GlobalSection(ExtensibilityGlobals) = postSolution
		SolutionGuid = {FC86EAC5-B364-4EAD-9924-5F6B02018576}
	EndGlobalSection
EndGlobal
