
Microsoft Visual Studio Solution File, Format Version 12.00
# Visual Studio Express 15 for Windows Desktop
VisualStudioVersion = 15.0.28307.572
MinimumVisualStudioVersion = 10.0.40219.1
Project("{8BC9CEB8-8B4A-11D0-8D11-00A0C91BC942}") = "다양성측정", "다양성측정\다양성측정.vcxproj", "{6BA5D0E5-9410-4803-ABD0-42A14A8D6FF5}"
EndProject
Global
	GlobalSection(SolutionConfigurationPlatforms) = preSolution
		Debug|x64 = Debug|x64
		Debug|x86 = Debug|x86
		Release|x64 = Release|x64
		Release|x86 = Release|x86
	EndGlobalSection
	GlobalSection(ProjectConfigurationPlatforms) = postSolution
		{6BA5D0E5-9410-4803-ABD0-42A14A8D6FF5}.Debug|x64.ActiveCfg = Debug|x64
		{6BA5D0E5-9410-4803-ABD0-42A14A8D6FF5}.Debug|x64.Build.0 = Debug|x64
		{6BA5D0E5-9410-4803-ABD0-42A14A8D6FF5}.Debug|x86.ActiveCfg = Debug|Win32
		{6BA5D0E5-9410-4803-ABD0-42A14A8D6FF5}.Debug|x86.Build.0 = Debug|Win32
		{6BA5D0E5-9410-4803-ABD0-42A14A8D6FF5}.Release|x64.ActiveCfg = Release|x64
		{6BA5D0E5-9410-4803-ABD0-42A14A8D6FF5}.Release|x64.Build.0 = Release|x64
		{6BA5D0E5-9410-4803-ABD0-42A14A8D6FF5}.Release|x86.ActiveCfg = Release|Win32
		{6BA5D0E5-9410-4803-ABD0-42A14A8D6FF5}.Release|x86.Build.0 = Release|Win32
	EndGlobalSection
	GlobalSection(SolutionProperties) = preSolution
		HideSolutionNode = FALSE
	EndGlobalSection
	GlobalSection(ExtensibilityGlobals) = postSolution
		SolutionGuid = {F3921BC9-AE83-43B7-9FBD-CA515C167B89}
	EndGlobalSection
EndGlobal
